
Microsoft Visual Studio Solution File, Format Version 12.00
Project("{FAE04EC0-301F-11D3-BF4B-00C04F79EFBC}") = "Sensor", "Sensor\Sensor.csproj", "{B95C5B6E-E58E-48EA-99AF-93E8C0912F64}"
EndProject
Global
	GlobalSection(SolutionConfigurationPlatforms) = preSolution
		Debug|Any CPU = Debug|Any CPU
		Release|Any CPU = Release|Any CPU
	EndGlobalSection
	GlobalSection(ProjectConfigurationPlatforms) = postSolution
		{B95C5B6E-E58E-48EA-99AF-93E8C0912F64}.Debug|Any CPU.ActiveCfg = Debug|Any CPU
		{B95C5B6E-E58E-48EA-99AF-93E8C0912F64}.Debug|Any CPU.Build.0 = Debug|Any CPU
		{B95C5B6E-E58E-48EA-99AF-93E8C0912F64}.Release|Any CPU.ActiveCfg = Release|Any CPU
		{B95C5B6E-E58E-48EA-99AF-93E8C0912F64}.Release|Any CPU.Build.0 = Release|Any CPU
	EndGlobalSection
EndGlobal
